
Microsoft Visual Studio Solution File, Format Version 12.00
# Visual Studio Version 16
VisualStudioVersion = 16.0.29009.5
MinimumVisualStudioVersion = 10.0.40219.1
Project("{FAE04EC0-301F-11D3-BF4B-00C04F79EFBC}") = "Examen_IIParcial", "Examen_IIParcial\Examen_IIParcial.csproj", "{54DDD04D-6A0D-4DD4-96E8-7092D472F303}"
EndProject
Global
	GlobalSection(SolutionConfigurationPlatforms) = preSolution
		Debug|Any CPU = Debug|Any CPU
		Release|Any CPU = Release|Any CPU
	EndGlobalSection
	GlobalSection(ProjectConfigurationPlatforms) = postSolution
		{54DDD04D-6A0D-4DD4-96E8-7092D472F303}.Debug|Any CPU.ActiveCfg = Debug|Any CPU
		{54DDD04D-6A0D-4DD4-96E8-7092D472F303}.Debug|Any CPU.Build.0 = Debug|Any CPU
		{54DDD04D-6A0D-4DD4-96E8-7092D472F303}.Release|Any CPU.ActiveCfg = Release|Any CPU
		{54DDD04D-6A0D-4DD4-96E8-7092D472F303}.Release|Any CPU.Build.0 = Release|Any CPU
	EndGlobalSection
	GlobalSection(SolutionProperties) = preSolution
		HideSolutionNode = FALSE
	EndGlobalSection
	GlobalSection(ExtensibilityGlobals) = postSolution
		SolutionGuid = {0A63D594-17DC-4046-B7E4-41F5E22E3E8A}
	EndGlobalSection
EndGlobal
